
Microsoft Visual Studio Solution File, Format Version 12.00
# Visual Studio 16
Project("{FAE04EC0-301F-11D3-BF4B-00C04F79EFBC}") = "Assembly-CSharp", "Assembly-CSharp.csproj", "{A841F3DA-7DBC-89F1-BC43-FA76146EC83E}"
EndProject
Global
	GlobalSection(SolutionConfigurationPlatforms) = preSolution
		Debug|Any CPU = Debug|Any CPU
		Release|Any CPU = Release|Any CPU
	EndGlobalSection
	GlobalSection(ProjectConfigurationPlatforms) = postSolution
		{A841F3DA-7DBC-89F1-BC43-FA76146EC83E}.Debug|Any CPU.ActiveCfg = Debug|Any CPU
		{A841F3DA-7DBC-89F1-BC43-FA76146EC83E}.Debug|Any CPU.Build.0 = Debug|Any CPU
		{A841F3DA-7DBC-89F1-BC43-FA76146EC83E}.Release|Any CPU.ActiveCfg = Release|Any CPU
		{A841F3DA-7DBC-89F1-BC43-FA76146EC83E}.Release|Any CPU.Build.0 = Release|Any CPU
	EndGlobalSection
	GlobalSection(SolutionProperties) = preSolution
		HideSolutionNode = FALSE
	EndGlobalSection
	GlobalSection(MonoDevelopProperties) = preSolution
		StartupItem = Assembly-CSharp.csproj
	EndGlobalSection
EndGlobal
